<?xml version="1.0" encoding="utf-8"?>
<Project ToolsVersion="4.0" xmlns="http://schemas.microsoft.com/developer/msbuild/2003">
  <ItemGroup>
    <Filter Include="Source Files">
      <UniqueIdentifier>{4FC737F1-C7A5-4376-A066-2A32D752A2FF}</UniqueIdentifier>
      <Extensions>cpp;c;cc;cxx;c++;cppm;ixx;def;odl;idl;hpj;bat;asm;asmx</Extensions>
    </Filter>
    <Filter Include="Header Files">
      <UniqueIdentifier>{93995380-89BD-4b04-88EB-625FBE52EBFB}</UniqueIdentifier>
      <Extensions>h;hh;hpp;hxx;h++;hm;inl;inc;ipp;xsd</Extensions>
    </Filter>
    <Filter Include="Resource Files">
      <UniqueIdentifier>{67DA6AB6-F800-4c08-8B7A-83BB121AAD01}</UniqueIdentifier>
      <Extensions>rc;ico;cur;bmp;dlg;rc2;rct;bin;rgs;gif;jpg;jpeg;jpe;resx;tiff;tif;png;wav;mfcribbon-ms</Extensions>
    </Filter>
    <Filter Include="Diagrams">
      <UniqueIdentifier>{5f0dda2b-703b-40da-bdc9-2c0a85862e65}</UniqueIdentifier>
      <Extensions>cd</Extensions>
    </Filter>
  </ItemGroup>
  <ItemGroup>
    <ClCompile Include="src\main.cpp">
      <Filter>Source Files</Filter>
    </ClCompile>
    <ClCompile Include="src\app.cpp">
      <Filter>Source Files</Filter>
    </ClCompile>
    <ClCompile Include="src\entity.cpp">
      <Filter>Source Files</Filter>
    </ClCompile>
    <ClCompile Include="src\gamemanager.cpp">
      <Filter>Source Files</Filter>
    </ClCompile>
    <ClCompile Include="src\ingamestate.cpp">
      <Filter>Source Files</Filter>
    </ClCompile>
    <ClCompile Include="src\playership.cpp">
      <Filter>Source Files</Filter>
    </ClCompile>
    <ClCompile Include="src\projectile.cpp">
      <Filter>Source Files</Filter>
    </ClCompile>
    <ClCompile Include="src\utils.cpp">
      <Filter>Source Files</Filter>
    </ClCompile>
    <ClCompile Include="src\enemy.cpp">
      <Filter>Source Files</Filter>
    </ClCompile>
    <ClCompile Include="src\animationmanager.cpp">
      <Filter>Source Files</Filter>
    </ClCompile>
    <ClCompile Include="src\enemyformation.cpp">
      <Filter>Source Files</Filter>
    </ClCompile>
    <ClCompile Include="src\boss.cpp">
      <Filter>Source Files</Filter>
    </ClCompile>
    <ClCompile Include="src\starfield.cpp">
      <Filter>Source Files</Filter>
    </ClCompile>
    <ClCompile Include="src\explosion.cpp">
      <Filter>Source Files</Filter>
    </ClCompile>
    <ClCompile Include="src\texture.cpp">
      <Filter>Source Files</Filter>
    </ClCompile>
    <ClCompile Include="src\sound.cpp">
      <Filter>Source Files</Filter>
    </ClCompile>
    <ClCompile Include="src\introstate.cpp">
      <Filter>Source Files</Filter>
    </ClCompile>
  </ItemGroup>
  <ItemGroup>
    <ClInclude Include="src\app.h">
      <Filter>Header Files</Filter>
    </ClInclude>
    <ClInclude Include="src\utils.h">
      <Filter>Header Files</Filter>
    </ClInclude>
    <ClInclude Include="src\entity.h">
      <Filter>Header Files</Filter>
    </ClInclude>
    <ClInclude Include="src\ingamestate.h">
      <Filter>Header Files</Filter>
    </ClInclude>
    <ClInclude Include="src\gamestate.h">
      <Filter>Header Files</Filter>
    </ClInclude>
    <ClInclude Include="src\playership.h">
      <Filter>Header Files</Filter>
    </ClInclude>
    <ClInclude Include="src\doublelinkedlist.h">
      <Filter>Header Files</Filter>
    </ClInclude>
    <ClInclude Include="src\preproc.h">
      <Filter>Header Files</Filter>
    </ClInclude>
    <ClInclude Include="src\animationmanager.h">
      <Filter>Header Files</Filter>
    </ClInclude>
    <ClInclude Include="src\enemyformation.h">
      <Filter>Header Files</Filter>
    </ClInclude>
    <ClInclude Include="src\starfield.h">
      <Filter>Header Files</Filter>
    </ClInclude>
    <ClInclude Include="src\texture.h">
      <Filter>Header Files</Filter>
    </ClInclude>
    <ClInclude Include="src\sound.h">
      <Filter>Header Files</Filter>
    </ClInclude>
    <ClInclude Include="src\gamemanager.h">
      <Filter>Header Files</Filter>
    </ClInclude>
    <ClInclude Include="src\introstate.h">
      <Filter>Header Files</Filter>
    </ClInclude>
    <ClInclude Include="src\boss.h">
      <Filter>Header Files</Filter>
    </ClInclude>
    <ClInclude Include="src\enemy.h">
      <Filter>Header Files</Filter>
    </ClInclude>
    <ClInclude Include="src\explosion.h">
      <Filter>Header Files</Filter>
    </ClInclude>
    <ClInclude Include="src\projectile.h">
      <Filter>Header Files</Filter>
    </ClInclude>
  </ItemGroup>
  <ItemGroup>
    <None Include="diagrams\Entity.cd">
      <Filter>Diagrams</Filter>
    </None>
    <None Include="diagrams\MainClass Diagram.cd">
      <Filter>Diagrams</Filter>
    </None>
    <None Include="diagrams\Overview Class Diagram.cd">
      <Filter>Diagrams</Filter>
    </None>
    <None Include="diagrams\SubEntities.cd">
      <Filter>Diagrams</Filter>
    </None>
    <None Include="diagrams\GameState Diagram.cd">
      <Filter>Diagrams</Filter>
    </None>
    <None Include="ClassDiagram.cd">
      <Filter>Diagrams</Filter>
    </None>
  </ItemGroup>
</Project>